
Microsoft Visual Studio Solution File, Format Version 12.00
# Visual Studio Version 16
VisualStudioVersion = 16.0.31129.286
MinimumVisualStudioVersion = 10.0.40219.1
Project("{FAE04EC0-301F-11D3-BF4B-00C04F79EFBC}") = "A132_Label", "A132_Label\A132_Label.csproj", "{378FEC6D-692B-4A5A-ACE2-0BB4F69E4567}"
EndProject
Global
	GlobalSection(SolutionConfigurationPlatforms) = preSolution
		Debug|Any CPU = Debug|Any CPU
		Release|Any CPU = Release|Any CPU
	EndGlobalSection
	GlobalSection(ProjectConfigurationPlatforms) = postSolution
		{378FEC6D-692B-4A5A-ACE2-0BB4F69E4567}.Debug|Any CPU.ActiveCfg = Debug|Any CPU
		{378FEC6D-692B-4A5A-ACE2-0BB4F69E4567}.Debug|Any CPU.Build.0 = Debug|Any CPU
		{378FEC6D-692B-4A5A-ACE2-0BB4F69E4567}.Release|Any CPU.ActiveCfg = Release|Any CPU
		{378FEC6D-692B-4A5A-ACE2-0BB4F69E4567}.Release|Any CPU.Build.0 = Release|Any CPU
	EndGlobalSection
	GlobalSection(SolutionProperties) = preSolution
		HideSolutionNode = FALSE
	EndGlobalSection
	GlobalSection(ExtensibilityGlobals) = postSolution
		SolutionGuid = {84C27695-1BEF-4A99-A429-44DC64FC38FA}
	EndGlobalSection
EndGlobal
