
Microsoft Visual Studio Solution File, Format Version 12.00
# Visual Studio Version 16
VisualStudioVersion = 16.0.31025.194
MinimumVisualStudioVersion = 10.0.40219.1
Project("{FAE04EC0-301F-11D3-BF4B-00C04F79EFBC}") = "Intro_Ex2", "Intro_Ex2\Intro_Ex2.csproj", "{FAEBBDAC-5A3A-49F0-AEA7-E8AD9B65C310}"
EndProject
Global
	GlobalSection(SolutionConfigurationPlatforms) = preSolution
		Debug|Any CPU = Debug|Any CPU
		Release|Any CPU = Release|Any CPU
	EndGlobalSection
	GlobalSection(ProjectConfigurationPlatforms) = postSolution
		{FAEBBDAC-5A3A-49F0-AEA7-E8AD9B65C310}.Debug|Any CPU.ActiveCfg = Debug|Any CPU
		{FAEBBDAC-5A3A-49F0-AEA7-E8AD9B65C310}.Debug|Any CPU.Build.0 = Debug|Any CPU
		{FAEBBDAC-5A3A-49F0-AEA7-E8AD9B65C310}.Release|Any CPU.ActiveCfg = Release|Any CPU
		{FAEBBDAC-5A3A-49F0-AEA7-E8AD9B65C310}.Release|Any CPU.Build.0 = Release|Any CPU
	EndGlobalSection
	GlobalSection(SolutionProperties) = preSolution
		HideSolutionNode = FALSE
	EndGlobalSection
	GlobalSection(ExtensibilityGlobals) = postSolution
		SolutionGuid = {701E6CE7-1220-408E-B3DC-2ADE4CEE42FC}
	EndGlobalSection
EndGlobal
