
Microsoft Visual Studio Solution File, Format Version 12.00
# Visual Studio Version 16
VisualStudioVersion = 16.0.31129.286
MinimumVisualStudioVersion = 10.0.40219.1
Project("{8BC9CEB8-8B4A-11D0-8D11-00A0C91BC942}") = "파일뽀개기", "파일뽀개기\파일뽀개기.vcxproj", "{8DDE0DEC-D28B-4615-9FF9-C69D2D51E20C}"
EndProject
Global
	GlobalSection(SolutionConfigurationPlatforms) = preSolution
		Debug|x64 = Debug|x64
		Debug|x86 = Debug|x86
		Release|x64 = Release|x64
		Release|x86 = Release|x86
	EndGlobalSection
	GlobalSection(ProjectConfigurationPlatforms) = postSolution
		{8DDE0DEC-D28B-4615-9FF9-C69D2D51E20C}.Debug|x64.ActiveCfg = Debug|x64
		{8DDE0DEC-D28B-4615-9FF9-C69D2D51E20C}.Debug|x64.Build.0 = Debug|x64
		{8DDE0DEC-D28B-4615-9FF9-C69D2D51E20C}.Debug|x86.ActiveCfg = Debug|Win32
		{8DDE0DEC-D28B-4615-9FF9-C69D2D51E20C}.Debug|x86.Build.0 = Debug|Win32
		{8DDE0DEC-D28B-4615-9FF9-C69D2D51E20C}.Release|x64.ActiveCfg = Release|x64
		{8DDE0DEC-D28B-4615-9FF9-C69D2D51E20C}.Release|x64.Build.0 = Release|x64
		{8DDE0DEC-D28B-4615-9FF9-C69D2D51E20C}.Release|x86.ActiveCfg = Release|Win32
		{8DDE0DEC-D28B-4615-9FF9-C69D2D51E20C}.Release|x86.Build.0 = Release|Win32
	EndGlobalSection
	GlobalSection(SolutionProperties) = preSolution
		HideSolutionNode = FALSE
	EndGlobalSection
	GlobalSection(ExtensibilityGlobals) = postSolution
		SolutionGuid = {F7070D14-A20E-41D7-9E97-165CD88805F2}
	EndGlobalSection
EndGlobal
