
Microsoft Visual Studio Solution File, Format Version 12.00
# Visual Studio Version 16
VisualStudioVersion = 16.0.31025.194
MinimumVisualStudioVersion = 10.0.40219.1
Project("{FAE04EC0-301F-11D3-BF4B-00C04F79EFBC}") = "상수예제", "상수예제\상수예제.csproj", "{D45EC33E-1DF3-4787-BD52-AE5D9E8BDDB3}"
EndProject
Global
	GlobalSection(SolutionConfigurationPlatforms) = preSolution
		Debug|Any CPU = Debug|Any CPU
		Release|Any CPU = Release|Any CPU
	EndGlobalSection
	GlobalSection(ProjectConfigurationPlatforms) = postSolution
		{D45EC33E-1DF3-4787-BD52-AE5D9E8BDDB3}.Debug|Any CPU.ActiveCfg = Debug|Any CPU
		{D45EC33E-1DF3-4787-BD52-AE5D9E8BDDB3}.Debug|Any CPU.Build.0 = Debug|Any CPU
		{D45EC33E-1DF3-4787-BD52-AE5D9E8BDDB3}.Release|Any CPU.ActiveCfg = Release|Any CPU
		{D45EC33E-1DF3-4787-BD52-AE5D9E8BDDB3}.Release|Any CPU.Build.0 = Release|Any CPU
	EndGlobalSection
	GlobalSection(SolutionProperties) = preSolution
		HideSolutionNode = FALSE
	EndGlobalSection
	GlobalSection(ExtensibilityGlobals) = postSolution
		SolutionGuid = {1196A80C-DA68-4C40-84F4-4ECE880B55BD}
	EndGlobalSection
EndGlobal
