
Microsoft Visual Studio Solution File, Format Version 12.00
# Visual Studio Version 16
VisualStudioVersion = 16.0.31025.194
MinimumVisualStudioVersion = 10.0.40219.1
Project("{FAE04EC0-301F-11D3-BF4B-00C04F79EFBC}") = "b003", "b003\b003.csproj", "{97BDB50C-42AE-400B-AA4E-83E7650DEDF3}"
EndProject
Global
	GlobalSection(SolutionConfigurationPlatforms) = preSolution
		Debug|Any CPU = Debug|Any CPU
		Release|Any CPU = Release|Any CPU
	EndGlobalSection
	GlobalSection(ProjectConfigurationPlatforms) = postSolution
		{97BDB50C-42AE-400B-AA4E-83E7650DEDF3}.Debug|Any CPU.ActiveCfg = Debug|Any CPU
		{97BDB50C-42AE-400B-AA4E-83E7650DEDF3}.Debug|Any CPU.Build.0 = Debug|Any CPU
		{97BDB50C-42AE-400B-AA4E-83E7650DEDF3}.Release|Any CPU.ActiveCfg = Release|Any CPU
		{97BDB50C-42AE-400B-AA4E-83E7650DEDF3}.Release|Any CPU.Build.0 = Release|Any CPU
	EndGlobalSection
	GlobalSection(SolutionProperties) = preSolution
		HideSolutionNode = FALSE
	EndGlobalSection
	GlobalSection(ExtensibilityGlobals) = postSolution
		SolutionGuid = {0FD04860-EC50-40DB-8CC9-AB3969223110}
	EndGlobalSection
EndGlobal
