
Microsoft Visual Studio Solution File, Format Version 12.00
# Visual Studio Version 16
VisualStudioVersion = 16.0.30128.74
MinimumVisualStudioVersion = 10.0.40219.1
Project("{8BC9CEB8-8B4A-11D0-8D11-00A0C91BC942}") = "fopen 텍스트 파일 읽기(r)", "fopen 텍스트 파일 읽기(r)\fopen 텍스트 파일 읽기(r).vcxproj", "{03500C9D-BA3A-4489-96F9-FF0F924A22F6}"
EndProject
Global
	GlobalSection(SolutionConfigurationPlatforms) = preSolution
		Debug|x64 = Debug|x64
		Debug|x86 = Debug|x86
		Release|x64 = Release|x64
		Release|x86 = Release|x86
	EndGlobalSection
	GlobalSection(ProjectConfigurationPlatforms) = postSolution
		{03500C9D-BA3A-4489-96F9-FF0F924A22F6}.Debug|x64.ActiveCfg = Debug|x64
		{03500C9D-BA3A-4489-96F9-FF0F924A22F6}.Debug|x64.Build.0 = Debug|x64
		{03500C9D-BA3A-4489-96F9-FF0F924A22F6}.Debug|x86.ActiveCfg = Debug|Win32
		{03500C9D-BA3A-4489-96F9-FF0F924A22F6}.Debug|x86.Build.0 = Debug|Win32
		{03500C9D-BA3A-4489-96F9-FF0F924A22F6}.Release|x64.ActiveCfg = Release|x64
		{03500C9D-BA3A-4489-96F9-FF0F924A22F6}.Release|x64.Build.0 = Release|x64
		{03500C9D-BA3A-4489-96F9-FF0F924A22F6}.Release|x86.ActiveCfg = Release|Win32
		{03500C9D-BA3A-4489-96F9-FF0F924A22F6}.Release|x86.Build.0 = Release|Win32
	EndGlobalSection
	GlobalSection(SolutionProperties) = preSolution
		HideSolutionNode = FALSE
	EndGlobalSection
	GlobalSection(ExtensibilityGlobals) = postSolution
		SolutionGuid = {34937BED-3913-402C-A635-074F929AB78A}
	EndGlobalSection
EndGlobal
