
Microsoft Visual Studio Solution File, Format Version 12.00
# Visual Studio Version 16
VisualStudioVersion = 16.0.31025.194
MinimumVisualStudioVersion = 10.0.40219.1
Project("{FAE04EC0-301F-11D3-BF4B-00C04F79EFBC}") = "a002", "a002\a002.csproj", "{E769322E-3E47-4159-9003-D2BBFB8824EB}"
EndProject
Global
	GlobalSection(SolutionConfigurationPlatforms) = preSolution
		Debug|Any CPU = Debug|Any CPU
		Release|Any CPU = Release|Any CPU
	EndGlobalSection
	GlobalSection(ProjectConfigurationPlatforms) = postSolution
		{E769322E-3E47-4159-9003-D2BBFB8824EB}.Debug|Any CPU.ActiveCfg = Debug|Any CPU
		{E769322E-3E47-4159-9003-D2BBFB8824EB}.Debug|Any CPU.Build.0 = Debug|Any CPU
		{E769322E-3E47-4159-9003-D2BBFB8824EB}.Release|Any CPU.ActiveCfg = Release|Any CPU
		{E769322E-3E47-4159-9003-D2BBFB8824EB}.Release|Any CPU.Build.0 = Release|Any CPU
	EndGlobalSection
	GlobalSection(SolutionProperties) = preSolution
		HideSolutionNode = FALSE
	EndGlobalSection
	GlobalSection(ExtensibilityGlobals) = postSolution
		SolutionGuid = {8259099A-5FEB-452B-B6C3-092F0F46A0C2}
	EndGlobalSection
EndGlobal
