
Microsoft Visual Studio Solution File, Format Version 12.00
# Visual Studio Version 16
VisualStudioVersion = 16.0.31025.194
MinimumVisualStudioVersion = 10.0.40219.1
Project("{FAE04EC0-301F-11D3-BF4B-00C04F79EFBC}") = "b011", "b011\b011.csproj", "{87DD2200-72E8-4378-9AE4-A139AE279466}"
EndProject
Global
	GlobalSection(SolutionConfigurationPlatforms) = preSolution
		Debug|Any CPU = Debug|Any CPU
		Release|Any CPU = Release|Any CPU
	EndGlobalSection
	GlobalSection(ProjectConfigurationPlatforms) = postSolution
		{87DD2200-72E8-4378-9AE4-A139AE279466}.Debug|Any CPU.ActiveCfg = Debug|Any CPU
		{87DD2200-72E8-4378-9AE4-A139AE279466}.Debug|Any CPU.Build.0 = Debug|Any CPU
		{87DD2200-72E8-4378-9AE4-A139AE279466}.Release|Any CPU.ActiveCfg = Release|Any CPU
		{87DD2200-72E8-4378-9AE4-A139AE279466}.Release|Any CPU.Build.0 = Release|Any CPU
	EndGlobalSection
	GlobalSection(SolutionProperties) = preSolution
		HideSolutionNode = FALSE
	EndGlobalSection
	GlobalSection(ExtensibilityGlobals) = postSolution
		SolutionGuid = {D8D31FDE-1CA8-4373-92F1-2A85172C6240}
	EndGlobalSection
EndGlobal
