
Microsoft Visual Studio Solution File, Format Version 12.00
# Visual Studio Version 16
VisualStudioVersion = 16.0.31129.286
MinimumVisualStudioVersion = 10.0.40219.1
Project("{FAE04EC0-301F-11D3-BF4B-00C04F79EFBC}") = "W007_UniformGrid", "W007_UniformGrid\W007_UniformGrid.csproj", "{5CFA4182-F2C1-489F-8AC5-C6B729756A96}"
EndProject
Global
	GlobalSection(SolutionConfigurationPlatforms) = preSolution
		Debug|Any CPU = Debug|Any CPU
		Release|Any CPU = Release|Any CPU
	EndGlobalSection
	GlobalSection(ProjectConfigurationPlatforms) = postSolution
		{5CFA4182-F2C1-489F-8AC5-C6B729756A96}.Debug|Any CPU.ActiveCfg = Debug|Any CPU
		{5CFA4182-F2C1-489F-8AC5-C6B729756A96}.Debug|Any CPU.Build.0 = Debug|Any CPU
		{5CFA4182-F2C1-489F-8AC5-C6B729756A96}.Release|Any CPU.ActiveCfg = Release|Any CPU
		{5CFA4182-F2C1-489F-8AC5-C6B729756A96}.Release|Any CPU.Build.0 = Release|Any CPU
	EndGlobalSection
	GlobalSection(SolutionProperties) = preSolution
		HideSolutionNode = FALSE
	EndGlobalSection
	GlobalSection(ExtensibilityGlobals) = postSolution
		SolutionGuid = {5A84EE82-9B17-496C-8F89-061396AB8F99}
	EndGlobalSection
EndGlobal
