
Microsoft Visual Studio Solution File, Format Version 12.00
# Visual Studio Version 16
VisualStudioVersion = 16.0.30128.74
MinimumVisualStudioVersion = 10.0.40219.1
Project("{8BC9CEB8-8B4A-11D0-8D11-00A0C91BC942}") = "씹어먹는c++", "씹어먹는c++\씹어먹는c++.vcxproj", "{CA9B7719-3653-4017-891D-245EA73E2629}"
EndProject
Project("{8BC9CEB8-8B4A-11D0-8D11-00A0C91BC942}") = "3장 조건문알아보기", "3장 조건문알아보기\3장 조건문알아보기.vcxproj", "{5E60FC33-74B0-4C97-8E95-CA49D376FF68}"
EndProject
Global
	GlobalSection(SolutionConfigurationPlatforms) = preSolution
		Debug|x64 = Debug|x64
		Debug|x86 = Debug|x86
		Release|x64 = Release|x64
		Release|x86 = Release|x86
	EndGlobalSection
	GlobalSection(ProjectConfigurationPlatforms) = postSolution
		{CA9B7719-3653-4017-891D-245EA73E2629}.Debug|x64.ActiveCfg = Debug|x64
		{CA9B7719-3653-4017-891D-245EA73E2629}.Debug|x64.Build.0 = Debug|x64
		{CA9B7719-3653-4017-891D-245EA73E2629}.Debug|x86.ActiveCfg = Debug|Win32
		{CA9B7719-3653-4017-891D-245EA73E2629}.Debug|x86.Build.0 = Debug|Win32
		{CA9B7719-3653-4017-891D-245EA73E2629}.Release|x64.ActiveCfg = Release|x64
		{CA9B7719-3653-4017-891D-245EA73E2629}.Release|x64.Build.0 = Release|x64
		{CA9B7719-3653-4017-891D-245EA73E2629}.Release|x86.ActiveCfg = Release|Win32
		{CA9B7719-3653-4017-891D-245EA73E2629}.Release|x86.Build.0 = Release|Win32
		{5E60FC33-74B0-4C97-8E95-CA49D376FF68}.Debug|x64.ActiveCfg = Debug|x64
		{5E60FC33-74B0-4C97-8E95-CA49D376FF68}.Debug|x64.Build.0 = Debug|x64
		{5E60FC33-74B0-4C97-8E95-CA49D376FF68}.Debug|x86.ActiveCfg = Debug|Win32
		{5E60FC33-74B0-4C97-8E95-CA49D376FF68}.Debug|x86.Build.0 = Debug|Win32
		{5E60FC33-74B0-4C97-8E95-CA49D376FF68}.Release|x64.ActiveCfg = Release|x64
		{5E60FC33-74B0-4C97-8E95-CA49D376FF68}.Release|x64.Build.0 = Release|x64
		{5E60FC33-74B0-4C97-8E95-CA49D376FF68}.Release|x86.ActiveCfg = Release|Win32
		{5E60FC33-74B0-4C97-8E95-CA49D376FF68}.Release|x86.Build.0 = Release|Win32
	EndGlobalSection
	GlobalSection(SolutionProperties) = preSolution
		HideSolutionNode = FALSE
	EndGlobalSection
	GlobalSection(ExtensibilityGlobals) = postSolution
		SolutionGuid = {7B0F9220-7663-4882-92E9-77D10C037413}
	EndGlobalSection
EndGlobal
