
Microsoft Visual Studio Solution File, Format Version 12.00
# Visual Studio Version 16
VisualStudioVersion = 16.0.31129.286
MinimumVisualStudioVersion = 10.0.40219.1
Project("{FAE04EC0-301F-11D3-BF4B-00C04F79EFBC}") = "F015_ArduinoSensorMonitoringInCS", "F015_ArduinoSensorMonitoringInCS\F015_ArduinoSensorMonitoringInCS.csproj", "{37504453-A825-4FD7-8214-749D09567841}"
EndProject
Global
	GlobalSection(SolutionConfigurationPlatforms) = preSolution
		Debug|Any CPU = Debug|Any CPU
		Release|Any CPU = Release|Any CPU
	EndGlobalSection
	GlobalSection(ProjectConfigurationPlatforms) = postSolution
		{37504453-A825-4FD7-8214-749D09567841}.Debug|Any CPU.ActiveCfg = Debug|Any CPU
		{37504453-A825-4FD7-8214-749D09567841}.Debug|Any CPU.Build.0 = Debug|Any CPU
		{37504453-A825-4FD7-8214-749D09567841}.Release|Any CPU.ActiveCfg = Release|Any CPU
		{37504453-A825-4FD7-8214-749D09567841}.Release|Any CPU.Build.0 = Release|Any CPU
	EndGlobalSection
	GlobalSection(SolutionProperties) = preSolution
		HideSolutionNode = FALSE
	EndGlobalSection
	GlobalSection(ExtensibilityGlobals) = postSolution
		SolutionGuid = {1D1A1378-DFC9-4716-800A-B26C25DC6563}
	EndGlobalSection
EndGlobal
