
Microsoft Visual Studio Solution File, Format Version 12.00
# Visual Studio Version 16
VisualStudioVersion = 16.0.31025.194
MinimumVisualStudioVersion = 10.0.40219.1
Project("{FAE04EC0-301F-11D3-BF4B-00C04F79EFBC}") = "class_car", "class_car\class_car.csproj", "{6912B9A6-7210-4473-BEC8-1FBD1831FC08}"
EndProject
Global
	GlobalSection(SolutionConfigurationPlatforms) = preSolution
		Debug|Any CPU = Debug|Any CPU
		Release|Any CPU = Release|Any CPU
	EndGlobalSection
	GlobalSection(ProjectConfigurationPlatforms) = postSolution
		{6912B9A6-7210-4473-BEC8-1FBD1831FC08}.Debug|Any CPU.ActiveCfg = Debug|Any CPU
		{6912B9A6-7210-4473-BEC8-1FBD1831FC08}.Debug|Any CPU.Build.0 = Debug|Any CPU
		{6912B9A6-7210-4473-BEC8-1FBD1831FC08}.Release|Any CPU.ActiveCfg = Release|Any CPU
		{6912B9A6-7210-4473-BEC8-1FBD1831FC08}.Release|Any CPU.Build.0 = Release|Any CPU
	EndGlobalSection
	GlobalSection(SolutionProperties) = preSolution
		HideSolutionNode = FALSE
	EndGlobalSection
	GlobalSection(ExtensibilityGlobals) = postSolution
		SolutionGuid = {60F97A88-B4C3-4BEE-AAC3-B659512EC717}
	EndGlobalSection
EndGlobal
