
Microsoft Visual Studio Solution File, Format Version 12.00
# Visual Studio Version 16
VisualStudioVersion = 16.0.31129.286
MinimumVisualStudioVersion = 10.0.40219.1
Project("{FAE04EC0-301F-11D3-BF4B-00C04F79EFBC}") = "A129_FormClass", "A129_FormClass\A129_FormClass.csproj", "{DDF36305-508E-41B2-867B-92E274E98FC4}"
EndProject
Global
	GlobalSection(SolutionConfigurationPlatforms) = preSolution
		Debug|Any CPU = Debug|Any CPU
		Release|Any CPU = Release|Any CPU
	EndGlobalSection
	GlobalSection(ProjectConfigurationPlatforms) = postSolution
		{DDF36305-508E-41B2-867B-92E274E98FC4}.Debug|Any CPU.ActiveCfg = Debug|Any CPU
		{DDF36305-508E-41B2-867B-92E274E98FC4}.Debug|Any CPU.Build.0 = Debug|Any CPU
		{DDF36305-508E-41B2-867B-92E274E98FC4}.Release|Any CPU.ActiveCfg = Release|Any CPU
		{DDF36305-508E-41B2-867B-92E274E98FC4}.Release|Any CPU.Build.0 = Release|Any CPU
	EndGlobalSection
	GlobalSection(SolutionProperties) = preSolution
		HideSolutionNode = FALSE
	EndGlobalSection
	GlobalSection(ExtensibilityGlobals) = postSolution
		SolutionGuid = {BCEAEE20-CFB7-4FDE-A6B9-91B52E1365DD}
	EndGlobalSection
EndGlobal
