
Microsoft Visual Studio Solution File, Format Version 12.00
# Visual Studio Version 16
VisualStudioVersion = 16.0.31025.194
MinimumVisualStudioVersion = 10.0.40219.1
Project("{FAE04EC0-301F-11D3-BF4B-00C04F79EFBC}") = "b005", "b005\b005.csproj", "{85C9CF4B-BFDE-4340-85BE-2E181101C193}"
EndProject
Global
	GlobalSection(SolutionConfigurationPlatforms) = preSolution
		Debug|Any CPU = Debug|Any CPU
		Release|Any CPU = Release|Any CPU
	EndGlobalSection
	GlobalSection(ProjectConfigurationPlatforms) = postSolution
		{85C9CF4B-BFDE-4340-85BE-2E181101C193}.Debug|Any CPU.ActiveCfg = Debug|Any CPU
		{85C9CF4B-BFDE-4340-85BE-2E181101C193}.Debug|Any CPU.Build.0 = Debug|Any CPU
		{85C9CF4B-BFDE-4340-85BE-2E181101C193}.Release|Any CPU.ActiveCfg = Release|Any CPU
		{85C9CF4B-BFDE-4340-85BE-2E181101C193}.Release|Any CPU.Build.0 = Release|Any CPU
	EndGlobalSection
	GlobalSection(SolutionProperties) = preSolution
		HideSolutionNode = FALSE
	EndGlobalSection
	GlobalSection(ExtensibilityGlobals) = postSolution
		SolutionGuid = {2982561B-B5F2-4FDF-AFC1-DC0F8C72DAA8}
	EndGlobalSection
EndGlobal
