
Microsoft Visual Studio Solution File, Format Version 12.00
# Visual Studio Version 16
VisualStudioVersion = 16.0.31129.286
MinimumVisualStudioVersion = 10.0.40219.1
Project("{FAE04EC0-301F-11D3-BF4B-00C04F79EFBC}") = "A137_ScoreCalc", "A137_ScoreCalc\A137_ScoreCalc.csproj", "{CAA602BB-185C-404A-91AC-D20EF3229392}"
EndProject
Global
	GlobalSection(SolutionConfigurationPlatforms) = preSolution
		Debug|Any CPU = Debug|Any CPU
		Release|Any CPU = Release|Any CPU
	EndGlobalSection
	GlobalSection(ProjectConfigurationPlatforms) = postSolution
		{CAA602BB-185C-404A-91AC-D20EF3229392}.Debug|Any CPU.ActiveCfg = Debug|Any CPU
		{CAA602BB-185C-404A-91AC-D20EF3229392}.Debug|Any CPU.Build.0 = Debug|Any CPU
		{CAA602BB-185C-404A-91AC-D20EF3229392}.Release|Any CPU.ActiveCfg = Release|Any CPU
		{CAA602BB-185C-404A-91AC-D20EF3229392}.Release|Any CPU.Build.0 = Release|Any CPU
	EndGlobalSection
	GlobalSection(SolutionProperties) = preSolution
		HideSolutionNode = FALSE
	EndGlobalSection
	GlobalSection(ExtensibilityGlobals) = postSolution
		SolutionGuid = {8DD37C5C-AE53-4637-8117-1E5D859A9BC9}
	EndGlobalSection
EndGlobal
