
Microsoft Visual Studio Solution File, Format Version 12.00
# Visual Studio Version 16
VisualStudioVersion = 16.0.31025.194
MinimumVisualStudioVersion = 10.0.40219.1
Project("{FAE04EC0-301F-11D3-BF4B-00C04F79EFBC}") = "b001", "b001\b001.csproj", "{DA01639A-B546-4EBB-9F4F-1F0DD878A7D8}"
EndProject
Global
	GlobalSection(SolutionConfigurationPlatforms) = preSolution
		Debug|Any CPU = Debug|Any CPU
		Release|Any CPU = Release|Any CPU
	EndGlobalSection
	GlobalSection(ProjectConfigurationPlatforms) = postSolution
		{DA01639A-B546-4EBB-9F4F-1F0DD878A7D8}.Debug|Any CPU.ActiveCfg = Debug|Any CPU
		{DA01639A-B546-4EBB-9F4F-1F0DD878A7D8}.Debug|Any CPU.Build.0 = Debug|Any CPU
		{DA01639A-B546-4EBB-9F4F-1F0DD878A7D8}.Release|Any CPU.ActiveCfg = Release|Any CPU
		{DA01639A-B546-4EBB-9F4F-1F0DD878A7D8}.Release|Any CPU.Build.0 = Release|Any CPU
	EndGlobalSection
	GlobalSection(SolutionProperties) = preSolution
		HideSolutionNode = FALSE
	EndGlobalSection
	GlobalSection(ExtensibilityGlobals) = postSolution
		SolutionGuid = {E8986820-27A2-4E5F-8F03-61915FF4AD60}
	EndGlobalSection
EndGlobal
